{
  "version": "3",
  "packages": {
    "specifiers": {
      "jsr:@std/cli": "jsr:@std/cli@1.0.3",
      "jsr:@std/encoding@1": "jsr:@std/encoding@1.0.1"
    },
    "jsr": {
      "@std/cli@1.0.3": {
        "integrity": "9a0488b5d2e58d29dce106a941eecec7181fae996bf0d2225563f1ca7e4b100c"
      },
      "@std/encoding@1.0.1": {
        "integrity": "5955c6c542ebb4ce6587c3b548dc71e07a6c27614f1976d1d3887b1196cf4e65"
      }
    }
  },
  "remote": {},
  "workspace": {
    "dependencies": [
      "jsr:@std/assert@1"
    ]
  }
}
